
Microsoft Visual Studio Solution File, Format Version 12.00
# Visual Studio Version 16
VisualStudioVersion = 16.0.29201.188
MinimumVisualStudioVersion = 10.0.40219.1
Project("{FAE04EC0-301F-11D3-BF4B-00C04F79EFBC}") = "Carrefour.Web", "Carrefour.Web\Carrefour.Web.csproj", "{05C6EADB-9A3E-4670-9415-BF44F8B5AE2D}"
EndProject
Project("{FAE04EC0-301F-11D3-BF4B-00C04F79EFBC}") = "Carrefour.lib", "Carrefour.lib\Carrefour.lib.csproj", "{D73C52FC-60B3-45ED-8CAC-BBDB792F75C9}"
EndProject
Global
	GlobalSection(SolutionConfigurationPlatforms) = preSolution
		Debug|Any CPU = Debug|Any CPU
		Release|Any CPU = Release|Any CPU
	EndGlobalSection
	GlobalSection(ProjectConfigurationPlatforms) = postSolution
		{05C6EADB-9A3E-4670-9415-BF44F8B5AE2D}.Debug|Any CPU.ActiveCfg = Debug|Any CPU
		{05C6EADB-9A3E-4670-9415-BF44F8B5AE2D}.Debug|Any CPU.Build.0 = Debug|Any CPU
		{05C6EADB-9A3E-4670-9415-BF44F8B5AE2D}.Release|Any CPU.ActiveCfg = Release|Any CPU
		{05C6EADB-9A3E-4670-9415-BF44F8B5AE2D}.Release|Any CPU.Build.0 = Release|Any CPU
		{D73C52FC-60B3-45ED-8CAC-BBDB792F75C9}.Debug|Any CPU.ActiveCfg = Debug|Any CPU
		{D73C52FC-60B3-45ED-8CAC-BBDB792F75C9}.Debug|Any CPU.Build.0 = Debug|Any CPU
		{D73C52FC-60B3-45ED-8CAC-BBDB792F75C9}.Release|Any CPU.ActiveCfg = Release|Any CPU
		{D73C52FC-60B3-45ED-8CAC-BBDB792F75C9}.Release|Any CPU.Build.0 = Release|Any CPU
	EndGlobalSection
	GlobalSection(SolutionProperties) = preSolution
		HideSolutionNode = FALSE
	EndGlobalSection
	GlobalSection(ExtensibilityGlobals) = postSolution
		SolutionGuid = {56A1ACBD-0EE1-4E75-B5F0-62D743C4F36B}
	EndGlobalSection
EndGlobal
